// !$*UTF8*$!
{
	archiveVersion = 1;
	classes = {
	};
	objectVersion = 46;
	objects = {

/* Begin PBXBuildFile section */
		5220B26D1E63717E009572D0 /* build.js in Resources */ = {isa = PBXBuildFile; fileRef = 5220B26B1E63717E009572D0 /* build.js */; };
		5220B26E1E63717E009572D0 /* require.js in Resources */ = {isa = PBXBuildFile; fileRef = 5220B26C1E63717E009572D0 /* require.js */; };
		5220B2741E63720F009572D0 /* Assets.swift in Sources */ = {isa = PBXBuildFile; fileRef = 5220B2701E63720F009572D0 /* Assets.swift */; };
		5220B2751E63720F009572D0 /* EventDispatcher.swift in Sources */ = {isa = PBXBuildFile; fileRef = 5220B2711E63720F009572D0 /* EventDispatcher.swift */; };
		5220B2761E63720F009572D0 /* ImageUtils.swift in Sources */ = {isa = PBXBuildFile; fileRef = 5220B2721E63720F009572D0 /* ImageUtils.swift */; };
		5220B2771E63720F009572D0 /* Mutex.swift in Sources */ = {isa = PBXBuildFile; fileRef = 5220B2731E63720F009572D0 /* Mutex.swift */; };
		5220B2791E63723B009572D0 /* SCNVector3Extensions.swift in Sources */ = {isa = PBXBuildFile; fileRef = 5220B2781E63723B009572D0 /* SCNVector3Extensions.swift */; };
		5220B27F1E637288009572D0 /* CodeRunner.swift in Sources */ = {isa = PBXBuildFile; fileRef = 5220B27B1E637288009572D0 /* CodeRunner.swift */; };
		5220B2801E637288009572D0 /* PCodeConsumer.swift in Sources */ = {isa = PBXBuildFile; fileRef = 5220B27C1E637288009572D0 /* PCodeConsumer.swift */; };
		5220B2811E637288009572D0 /* PCodeListener.swift in Sources */ = {isa = PBXBuildFile; fileRef = 5220B27D1E637288009572D0 /* PCodeListener.swift */; };
		5220B2821E637288009572D0 /* PCodeRunner.swift in Sources */ = {isa = PBXBuildFile; fileRef = 5220B27E1E637288009572D0 /* PCodeRunner.swift */; };
		5220B2841E63729D009572D0 /* GestureHandler.swift in Sources */ = {isa = PBXBuildFile; fileRef = 5220B2831E63729D009572D0 /* GestureHandler.swift */; };
		5220B2861E63748E009572D0 /* PGestureDelegate.swift in Sources */ = {isa = PBXBuildFile; fileRef = 5220B2851E63748E009572D0 /* PGestureDelegate.swift */; };
		5220B2901E637496009572D0 /* Patch.swift in Sources */ = {isa = PBXBuildFile; fileRef = 5220B2881E637496009572D0 /* Patch.swift */; };
		5220B2911E637496009572D0 /* PatchData.swift in Sources */ = {isa = PBXBuildFile; fileRef = 5220B2891E637496009572D0 /* PatchData.swift */; };
		5220B2921E637496009572D0 /* PatchNodeCache.swift in Sources */ = {isa = PBXBuildFile; fileRef = 5220B28A1E637496009572D0 /* PatchNodeCache.swift */; };
		5220B2931E637496009572D0 /* PPatch.swift in Sources */ = {isa = PBXBuildFile; fileRef = 5220B28B1E637496009572D0 /* PPatch.swift */; };
		5220B2941E637496009572D0 /* PTurtle.swift in Sources */ = {isa = PBXBuildFile; fileRef = 5220B28C1E637496009572D0 /* PTurtle.swift */; };
		5220B2951E637496009572D0 /* Turtle.swift in Sources */ = {isa = PBXBuildFile; fileRef = 5220B28D1E637496009572D0 /* Turtle.swift */; };
		5220B2961E637496009572D0 /* TurtleData.swift in Sources */ = {isa = PBXBuildFile; fileRef = 5220B28E1E637496009572D0 /* TurtleData.swift */; };
		5220B2971E637496009572D0 /* TurtleNodeCache.swift in Sources */ = {isa = PBXBuildFile; fileRef = 5220B28F1E637496009572D0 /* TurtleNodeCache.swift */; };
		524A012F1E68C882004B38EC /* ReSwift.framework in Frameworks */ = {isa = PBXBuildFile; fileRef = 524A012E1E68C882004B38EC /* ReSwift.framework */; };
		524A01351E68C910004B38EC /* AppReducer.swift in Sources */ = {isa = PBXBuildFile; fileRef = 524A01321E68C910004B38EC /* AppReducer.swift */; };
		524A01361E68C910004B38EC /* State.swift in Sources */ = {isa = PBXBuildFile; fileRef = 524A01341E68C910004B38EC /* State.swift */; };
		524A01391E68CA5F004B38EC /* BookmarkReducer.swift in Sources */ = {isa = PBXBuildFile; fileRef = 524A01371E68CA5F004B38EC /* BookmarkReducer.swift */; };
		524A013A1E68CA5F004B38EC /* RepositoryReducer.swift in Sources */ = {isa = PBXBuildFile; fileRef = 524A01381E68CA5F004B38EC /* RepositoryReducer.swift */; };
		524A013D1E68CAC6004B38EC /* BookmarkAction.swift in Sources */ = {isa = PBXBuildFile; fileRef = 524A013B1E68CAC6004B38EC /* BookmarkAction.swift */; };
		524A013E1E68CAC6004B38EC /* RepositoriesAction.swift in Sources */ = {isa = PBXBuildFile; fileRef = 524A013C1E68CAC6004B38EC /* RepositoriesAction.swift */; };
		524A01401E6A1F13004B38EC /* RxObserver.swift in Sources */ = {isa = PBXBuildFile; fileRef = 524A013F1E6A1F13004B38EC /* RxObserver.swift */; };
		524A01421E6A1F51004B38EC /* RxSwift.framework in Frameworks */ = {isa = PBXBuildFile; fileRef = 524A01411E6A1F51004B38EC /* RxSwift.framework */; };
		525F54571D0F47E1008C8396 /* LaunchScreen.storyboard in Resources */ = {isa = PBXBuildFile; fileRef = 525F54551D0F47E1008C8396 /* LaunchScreen.storyboard */; };
		525F54591D0F4925008C8396 /* ViewController.swift in Sources */ = {isa = PBXBuildFile; fileRef = 525F54581D0F4925008C8396 /* ViewController.swift */; };
		52A9C7951E5253B500082CF1 /* bg.png in Resources */ = {isa = PBXBuildFile; fileRef = 52A9C7941E5253B500082CF1 /* bg.png */; };
		52BBDCF51E64C63B0086210A /* bg2.png in Resources */ = {isa = PBXBuildFile; fileRef = 52BBDCF31E64C63B0086210A /* bg2.png */; };
		52BBDCF61E64C63B0086210A /* bg3.png in Resources */ = {isa = PBXBuildFile; fileRef = 52BBDCF41E64C63B0086210A /* bg3.png */; };
		52BBDD011E64CCBD0086210A /* LogoSceneViewController.swift in Sources */ = {isa = PBXBuildFile; fileRef = 52BBDD001E64CCBD0086210A /* LogoSceneViewController.swift */; };
		52BBDD031E64CD660086210A /* HUDViewController.swift in Sources */ = {isa = PBXBuildFile; fileRef = 52BBDD021E64CD660086210A /* HUDViewController.swift */; };
		52BBDD051E64D3040086210A /* BaseScene.swift in Sources */ = {isa = PBXBuildFile; fileRef = 52BBDD041E64D3040086210A /* BaseScene.swift */; };
		80EE09C0196A4C4A00B77AB0 /* AppDelegate.swift in Sources */ = {isa = PBXBuildFile; fileRef = 80EE09BF196A4C4A00B77AB0 /* AppDelegate.swift */; };
		80EE09C7196A4C4A00B77AB0 /* Images.xcassets in Resources */ = {isa = PBXBuildFile; fileRef = 80EE09C6196A4C4A00B77AB0 /* Images.xcassets */; };
/* End PBXBuildFile section */

/* Begin PBXFileReference section */
		5220B26B1E63717E009572D0 /* build.js */ = {isa = PBXFileReference; fileEncoding = 4; lastKnownFileType = sourcecode.javascript; path = build.js; sourceTree = "<group>"; };
		5220B26C1E63717E009572D0 /* require.js */ = {isa = PBXFileReference; fileEncoding = 4; lastKnownFileType = sourcecode.javascript; path = require.js; sourceTree = "<group>"; };
		5220B2701E63720F009572D0 /* Assets.swift */ = {isa = PBXFileReference; fileEncoding = 4; lastKnownFileType = sourcecode.swift; path = Assets.swift; sourceTree = "<group>"; };
		5220B2711E63720F009572D0 /* EventDispatcher.swift */ = {isa = PBXFileReference; fileEncoding = 4; lastKnownFileType = sourcecode.swift; path = EventDispatcher.swift; sourceTree = "<group>"; };
		5220B2721E63720F009572D0 /* ImageUtils.swift */ = {isa = PBXFileReference; fileEncoding = 4; lastKnownFileType = sourcecode.swift; path = ImageUtils.swift; sourceTree = "<group>"; };
		5220B2731E63720F009572D0 /* Mutex.swift */ = {isa = PBXFileReference; fileEncoding = 4; lastKnownFileType = sourcecode.swift; path = Mutex.swift; sourceTree = "<group>"; };
		5220B2781E63723B009572D0 /* SCNVector3Extensions.swift */ = {isa = PBXFileReference; fileEncoding = 4; lastKnownFileType = sourcecode.swift; path = SCNVector3Extensions.swift; sourceTree = "<group>"; };
		5220B27B1E637288009572D0 /* CodeRunner.swift */ = {isa = PBXFileReference; fileEncoding = 4; lastKnownFileType = sourcecode.swift; path = CodeRunner.swift; sourceTree = "<group>"; };
		5220B27C1E637288009572D0 /* PCodeConsumer.swift */ = {isa = PBXFileReference; fileEncoding = 4; lastKnownFileType = sourcecode.swift; path = PCodeConsumer.swift; sourceTree = "<group>"; };
		5220B27D1E637288009572D0 /* PCodeListener.swift */ = {isa = PBXFileReference; fileEncoding = 4; lastKnownFileType = sourcecode.swift; path = PCodeListener.swift; sourceTree = "<group>"; };
		5220B27E1E637288009572D0 /* PCodeRunner.swift */ = {isa = PBXFileReference; fileEncoding = 4; lastKnownFileType = sourcecode.swift; path = PCodeRunner.swift; sourceTree = "<group>"; };
		5220B2831E63729D009572D0 /* GestureHandler.swift */ = {isa = PBXFileReference; fileEncoding = 4; lastKnownFileType = sourcecode.swift; path = GestureHandler.swift; sourceTree = "<group>"; };
		5220B2851E63748E009572D0 /* PGestureDelegate.swift */ = {isa = PBXFileReference; fileEncoding = 4; lastKnownFileType = sourcecode.swift; path = PGestureDelegate.swift; sourceTree = "<group>"; };
		5220B2881E637496009572D0 /* Patch.swift */ = {isa = PBXFileReference; fileEncoding = 4; lastKnownFileType = sourcecode.swift; path = Patch.swift; sourceTree = "<group>"; };
		5220B2891E637496009572D0 /* PatchData.swift */ = {isa = PBXFileReference; fileEncoding = 4; lastKnownFileType = sourcecode.swift; path = PatchData.swift; sourceTree = "<group>"; };
		5220B28A1E637496009572D0 /* PatchNodeCache.swift */ = {isa = PBXFileReference; fileEncoding = 4; lastKnownFileType = sourcecode.swift; path = PatchNodeCache.swift; sourceTree = "<group>"; };
		5220B28B1E637496009572D0 /* PPatch.swift */ = {isa = PBXFileReference; fileEncoding = 4; lastKnownFileType = sourcecode.swift; path = PPatch.swift; sourceTree = "<group>"; };
		5220B28C1E637496009572D0 /* PTurtle.swift */ = {isa = PBXFileReference; fileEncoding = 4; lastKnownFileType = sourcecode.swift; path = PTurtle.swift; sourceTree = "<group>"; };
		5220B28D1E637496009572D0 /* Turtle.swift */ = {isa = PBXFileReference; fileEncoding = 4; lastKnownFileType = sourcecode.swift; path = Turtle.swift; sourceTree = "<group>"; };
		5220B28E1E637496009572D0 /* TurtleData.swift */ = {isa = PBXFileReference; fileEncoding = 4; lastKnownFileType = sourcecode.swift; path = TurtleData.swift; sourceTree = "<group>"; };
		5220B28F1E637496009572D0 /* TurtleNodeCache.swift */ = {isa = PBXFileReference; fileEncoding = 4; lastKnownFileType = sourcecode.swift; path = TurtleNodeCache.swift; sourceTree = "<group>"; };
		5221C7871D85F3A500B71566 /* geom3.shader */ = {isa = PBXFileReference; fileEncoding = 4; lastKnownFileType = text; path = geom3.shader; sourceTree = "<group>"; };
		5237FD9A1D8F256E008651DF /* frag.shader */ = {isa = PBXFileReference; fileEncoding = 4; lastKnownFileType = text; path = frag.shader; sourceTree = "<group>"; };
		524A012E1E68C882004B38EC /* ReSwift.framework */ = {isa = PBXFileReference; lastKnownFileType = wrapper.framework; name = ReSwift.framework; path = Carthage/Build/iOS/ReSwift.framework; sourceTree = "<group>"; };
		524A01321E68C910004B38EC /* AppReducer.swift */ = {isa = PBXFileReference; fileEncoding = 4; lastKnownFileType = sourcecode.swift; path = AppReducer.swift; sourceTree = "<group>"; };
		524A01341E68C910004B38EC /* State.swift */ = {isa = PBXFileReference; fileEncoding = 4; lastKnownFileType = sourcecode.swift; path = State.swift; sourceTree = "<group>"; };
		524A01371E68CA5F004B38EC /* BookmarkReducer.swift */ = {isa = PBXFileReference; fileEncoding = 4; lastKnownFileType = sourcecode.swift; path = BookmarkReducer.swift; sourceTree = "<group>"; };
		524A01381E68CA5F004B38EC /* RepositoryReducer.swift */ = {isa = PBXFileReference; fileEncoding = 4; lastKnownFileType = sourcecode.swift; path = RepositoryReducer.swift; sourceTree = "<group>"; };
		524A013B1E68CAC6004B38EC /* BookmarkAction.swift */ = {isa = PBXFileReference; fileEncoding = 4; lastKnownFileType = sourcecode.swift; path = BookmarkAction.swift; sourceTree = "<group>"; };
		524A013C1E68CAC6004B38EC /* RepositoriesAction.swift */ = {isa = PBXFileReference; fileEncoding = 4; lastKnownFileType = sourcecode.swift; path = RepositoriesAction.swift; sourceTree = "<group>"; };
		524A013F1E6A1F13004B38EC /* RxObserver.swift */ = {isa = PBXFileReference; fileEncoding = 4; lastKnownFileType = sourcecode.swift; path = RxObserver.swift; sourceTree = "<group>"; };
		524A01411E6A1F51004B38EC /* RxSwift.framework */ = {isa = PBXFileReference; lastKnownFileType = wrapper.framework; name = RxSwift.framework; path = Carthage/Build/iOS/RxSwift.framework; sourceTree = "<group>"; };
		525F54561D0F47E1008C8396 /* Base */ = {isa = PBXFileReference; lastKnownFileType = file.storyboard; name = Base; path = Base.lproj/LaunchScreen.storyboard; sourceTree = "<group>"; };
		525F54581D0F4925008C8396 /* ViewController.swift */ = {isa = PBXFileReference; fileEncoding = 4; lastKnownFileType = sourcecode.swift; path = ViewController.swift; sourceTree = "<group>"; };
		527C14701D985C2B0079D4A8 /* surf2.shader */ = {isa = PBXFileReference; fileEncoding = 4; lastKnownFileType = text; path = surf2.shader; sourceTree = "<group>"; };
		52861D651D29AE5D002441B7 /* shared.txt */ = {isa = PBXFileReference; fileEncoding = 4; lastKnownFileType = text; path = shared.txt; sourceTree = "<group>"; };
		528E52CE1D5BD2A80064489F /* geom2.shader */ = {isa = PBXFileReference; fileEncoding = 4; lastKnownFileType = text; path = geom2.shader; sourceTree = "<group>"; };
		52A9C7941E5253B500082CF1 /* bg.png */ = {isa = PBXFileReference; lastKnownFileType = image.png; path = bg.png; sourceTree = "<group>"; };
		52BBDCF31E64C63B0086210A /* bg2.png */ = {isa = PBXFileReference; lastKnownFileType = image.png; path = bg2.png; sourceTree = "<group>"; };
		52BBDCF41E64C63B0086210A /* bg3.png */ = {isa = PBXFileReference; lastKnownFileType = image.png; path = bg3.png; sourceTree = "<group>"; };
		52BBDD001E64CCBD0086210A /* LogoSceneViewController.swift */ = {isa = PBXFileReference; fileEncoding = 4; lastKnownFileType = sourcecode.swift; path = LogoSceneViewController.swift; sourceTree = "<group>"; };
		52BBDD021E64CD660086210A /* HUDViewController.swift */ = {isa = PBXFileReference; fileEncoding = 4; lastKnownFileType = sourcecode.swift; path = HUDViewController.swift; sourceTree = "<group>"; };
		52BBDD041E64D3040086210A /* BaseScene.swift */ = {isa = PBXFileReference; fileEncoding = 4; lastKnownFileType = sourcecode.swift; path = BaseScene.swift; sourceTree = "<group>"; };
		52DC7CDE1D132CB10075C2D3 /* surf.shader */ = {isa = PBXFileReference; fileEncoding = 4; lastKnownFileType = text; path = surf.shader; sourceTree = "<group>"; };
		52FEBC9E1D0419D900B65511 /* geom.shader */ = {isa = PBXFileReference; fileEncoding = 4; lastKnownFileType = text; path = geom.shader; sourceTree = "<group>"; };
		80EE09BA196A4C4A00B77AB0 /* SceneKitTest.app */ = {isa = PBXFileReference; explicitFileType = wrapper.application; includeInIndex = 0; path = SceneKitTest.app; sourceTree = BUILT_PRODUCTS_DIR; };
		80EE09BE196A4C4A00B77AB0 /* Info.plist */ = {isa = PBXFileReference; fileEncoding = 4; lastKnownFileType = text.plist.xml; path = Info.plist; sourceTree = "<group>"; };
		80EE09BF196A4C4A00B77AB0 /* AppDelegate.swift */ = {isa = PBXFileReference; lastKnownFileType = sourcecode.swift; path = AppDelegate.swift; sourceTree = "<group>"; };
		80EE09C6196A4C4A00B77AB0 /* Images.xcassets */ = {isa = PBXFileReference; lastKnownFileType = folder.assetcatalog; path = Images.xcassets; sourceTree = "<group>"; };
/* End PBXFileReference section */

/* Begin PBXFrameworksBuildPhase section */
		80EE09B7196A4C4A00B77AB0 /* Frameworks */ = {
			isa = PBXFrameworksBuildPhase;
			buildActionMask = 2147483647;
			files = (
				524A01421E6A1F51004B38EC /* RxSwift.framework in Frameworks */,
				524A012F1E68C882004B38EC /* ReSwift.framework in Frameworks */,
			);
			runOnlyForDeploymentPostprocessing = 0;
		};
/* End PBXFrameworksBuildPhase section */

/* Begin PBXGroup section */
		5220B26A1E63717E009572D0 /* js */ = {
			isa = PBXGroup;
			children = (
				5220B26B1E63717E009572D0 /* build.js */,
				5220B26C1E63717E009572D0 /* require.js */,
			);
			path = js;
			sourceTree = "<group>";
		};
		5220B26F1E63720F009572D0 /* utils */ = {
			isa = PBXGroup;
			children = (
				524A013F1E6A1F13004B38EC /* RxObserver.swift */,
				5220B2851E63748E009572D0 /* PGestureDelegate.swift */,
				5220B2831E63729D009572D0 /* GestureHandler.swift */,
				5220B2781E63723B009572D0 /* SCNVector3Extensions.swift */,
				5220B2701E63720F009572D0 /* Assets.swift */,
				5220B2711E63720F009572D0 /* EventDispatcher.swift */,
				5220B2721E63720F009572D0 /* ImageUtils.swift */,
				5220B2731E63720F009572D0 /* Mutex.swift */,
			);
			path = utils;
			sourceTree = "<group>";
		};
		5220B27A1E637288009572D0 /* code */ = {
			isa = PBXGroup;
			children = (
				5220B27B1E637288009572D0 /* CodeRunner.swift */,
				5220B27C1E637288009572D0 /* PCodeConsumer.swift */,
				5220B27D1E637288009572D0 /* PCodeListener.swift */,
				5220B27E1E637288009572D0 /* PCodeRunner.swift */,
			);
			path = code;
			sourceTree = "<group>";
		};
		5220B2871E637496009572D0 /* turtles */ = {
			isa = PBXGroup;
			children = (
				5220B2881E637496009572D0 /* Patch.swift */,
				5220B2891E637496009572D0 /* PatchData.swift */,
				5220B28A1E637496009572D0 /* PatchNodeCache.swift */,
				5220B28B1E637496009572D0 /* PPatch.swift */,
				5220B28C1E637496009572D0 /* PTurtle.swift */,
				5220B28D1E637496009572D0 /* Turtle.swift */,
				5220B28E1E637496009572D0 /* TurtleData.swift */,
				5220B28F1E637496009572D0 /* TurtleNodeCache.swift */,
			);
			path = turtles;
			sourceTree = "<group>";
		};
		524A01301E68C910004B38EC /* actions */ = {
			isa = PBXGroup;
			children = (
				524A013B1E68CAC6004B38EC /* BookmarkAction.swift */,
				524A013C1E68CAC6004B38EC /* RepositoriesAction.swift */,
			);
			path = actions;
			sourceTree = "<group>";
		};
		524A01311E68C910004B38EC /* reducers */ = {
			isa = PBXGroup;
			children = (
				524A01371E68CA5F004B38EC /* BookmarkReducer.swift */,
				524A01381E68CA5F004B38EC /* RepositoryReducer.swift */,
				524A01321E68C910004B38EC /* AppReducer.swift */,
			);
			path = reducers;
			sourceTree = "<group>";
		};
		524A01331E68C910004B38EC /* state */ = {
			isa = PBXGroup;
			children = (
				524A01341E68C910004B38EC /* State.swift */,
			);
			path = state;
			sourceTree = "<group>";
		};
		52861D611D29ADC7002441B7 /* shaders */ = {
			isa = PBXGroup;
			children = (
				527C14701D985C2B0079D4A8 /* surf2.shader */,
				5237FD9A1D8F256E008651DF /* frag.shader */,
				5221C7871D85F3A500B71566 /* geom3.shader */,
				528E52CE1D5BD2A80064489F /* geom2.shader */,
				52861D651D29AE5D002441B7 /* shared.txt */,
				52DC7CDE1D132CB10075C2D3 /* surf.shader */,
				52FEBC9E1D0419D900B65511 /* geom.shader */,
			);
			name = shaders;
			sourceTree = "<group>";
		};
		52BBDCF71E64CA670086210A /* views */ = {
			isa = PBXGroup;
			children = (
				52BBDD041E64D3040086210A /* BaseScene.swift */,
				52BBDD021E64CD660086210A /* HUDViewController.swift */,
				52BBDD001E64CCBD0086210A /* LogoSceneViewController.swift */,
			);
			path = views;
			sourceTree = "<group>";
		};
		80EE09B1196A4C4A00B77AB0 = {
			isa = PBXGroup;
			children = (
				524A01411E6A1F51004B38EC /* RxSwift.framework */,
				524A012E1E68C882004B38EC /* ReSwift.framework */,
				80EE09BC196A4C4A00B77AB0 /* SceneKitTest */,
				80EE09BB196A4C4A00B77AB0 /* Products */,
			);
			sourceTree = "<group>";
		};
		80EE09BB196A4C4A00B77AB0 /* Products */ = {
			isa = PBXGroup;
			children = (
				80EE09BA196A4C4A00B77AB0 /* SceneKitTest.app */,
			);
			name = Products;
			sourceTree = "<group>";
		};
		80EE09BC196A4C4A00B77AB0 /* SceneKitTest */ = {
			isa = PBXGroup;
			children = (
				524A01301E68C910004B38EC /* actions */,
				524A01311E68C910004B38EC /* reducers */,
				524A01331E68C910004B38EC /* state */,
				52BBDCF71E64CA670086210A /* views */,
				5220B2871E637496009572D0 /* turtles */,
				5220B27A1E637288009572D0 /* code */,
				5220B26F1E63720F009572D0 /* utils */,
				5220B26A1E63717E009572D0 /* js */,
				52A9C7941E5253B500082CF1 /* bg.png */,
				52BBDCF31E64C63B0086210A /* bg2.png */,
				52BBDCF41E64C63B0086210A /* bg3.png */,
				52861D611D29ADC7002441B7 /* shaders */,
				525F54581D0F4925008C8396 /* ViewController.swift */,
				80EE09BF196A4C4A00B77AB0 /* AppDelegate.swift */,
				80EE09C6196A4C4A00B77AB0 /* Images.xcassets */,
				80EE09BD196A4C4A00B77AB0 /* Supporting Files */,
			);
			path = SceneKitTest;
			sourceTree = "<group>";
		};
		80EE09BD196A4C4A00B77AB0 /* Supporting Files */ = {
			isa = PBXGroup;
			children = (
				525F54551D0F47E1008C8396 /* LaunchScreen.storyboard */,
				80EE09BE196A4C4A00B77AB0 /* Info.plist */,
			);
			name = "Supporting Files";
			sourceTree = "<group>";
		};
/* End PBXGroup section */

/* Begin PBXNativeTarget section */
		80EE09B9196A4C4A00B77AB0 /* SceneKitTest */ = {
			isa = PBXNativeTarget;
			buildConfigurationList = 80EE09D6196A4C4A00B77AB0 /* Build configuration list for PBXNativeTarget "SceneKitTest" */;
			buildPhases = (
				80EE09B6196A4C4A00B77AB0 /* Sources */,
				80EE09B7196A4C4A00B77AB0 /* Frameworks */,
				80EE09B8196A4C4A00B77AB0 /* Resources */,
				52A9C79C1E550C0000082CF1 /* ShellScript */,
			);
			buildRules = (
			);
			dependencies = (
			);
			name = SceneKitTest;
			productName = CarbonVisualizer;
			productReference = 80EE09BA196A4C4A00B77AB0 /* SceneKitTest.app */;
			productType = "com.apple.product-type.application";
		};
/* End PBXNativeTarget section */

/* Begin PBXProject section */
		80EE09B2196A4C4A00B77AB0 /* Project object */ = {
			isa = PBXProject;
			attributes = {
				LastSwiftUpdateCheck = 0730;
				LastUpgradeCheck = 0820;
				ORGANIZATIONNAME = "";
				TargetAttributes = {
					80EE09B9196A4C4A00B77AB0 = {
						CreatedOnToolsVersion = 6.0;
						DevelopmentTeam = WDBW628V64;
						LastSwiftMigration = 0820;
					};
				};
			};
			buildConfigurationList = 80EE09B5196A4C4A00B77AB0 /* Build configuration list for PBXProject "SceneKitTest" */;
			compatibilityVersion = "Xcode 3.2";
			developmentRegion = English;
			hasScannedForEncodings = 0;
			knownRegions = (
				en,
				Base,
			);
			mainGroup = 80EE09B1196A4C4A00B77AB0;
			productRefGroup = 80EE09BB196A4C4A00B77AB0 /* Products */;
			projectDirPath = "";
			projectRoot = "";
			targets = (
				80EE09B9196A4C4A00B77AB0 /* SceneKitTest */,
			);
		};
/* End PBXProject section */

/* Begin PBXResourcesBuildPhase section */
		80EE09B8196A4C4A00B77AB0 /* Resources */ = {
			isa = PBXResourcesBuildPhase;
			buildActionMask = 2147483647;
			files = (
				52A9C7951E5253B500082CF1 /* bg.png in Resources */,
				80EE09C7196A4C4A00B77AB0 /* Images.xcassets in Resources */,
				52BBDCF61E64C63B0086210A /* bg3.png in Resources */,
				5220B26D1E63717E009572D0 /* build.js in Resources */,
				52BBDCF51E64C63B0086210A /* bg2.png in Resources */,
				525F54571D0F47E1008C8396 /* LaunchScreen.storyboard in Resources */,
				5220B26E1E63717E009572D0 /* require.js in Resources */,
			);
			runOnlyForDeploymentPostprocessing = 0;
		};
/* End PBXResourcesBuildPhase section */

/* Begin PBXShellScriptBuildPhase section */
		52A9C79C1E550C0000082CF1 /* ShellScript */ = {
			isa = PBXShellScriptBuildPhase;
			buildActionMask = 2147483647;
			files = (
			);
			inputPaths = (
			);
			outputPaths = (
			);
			runOnlyForDeploymentPostprocessing = 0;
			shellPath = /bin/sh;
			shellScript = "WORKING_DIR=$(pwd)\ncd $SRCROOT\"/js\"\npython build.py\ncd $WORKING_DIR";
		};
/* End PBXShellScriptBuildPhase section */

/* Begin PBXSourcesBuildPhase section */
		80EE09B6196A4C4A00B77AB0 /* Sources */ = {
			isa = PBXSourcesBuildPhase;
			buildActionMask = 2147483647;
			files = (
				5220B2971E637496009572D0 /* TurtleNodeCache.swift in Sources */,
				5220B2751E63720F009572D0 /* EventDispatcher.swift in Sources */,
				524A013D1E68CAC6004B38EC /* BookmarkAction.swift in Sources */,
				5220B2961E637496009572D0 /* TurtleData.swift in Sources */,
				525F54591D0F4925008C8396 /* ViewController.swift in Sources */,
				5220B2911E637496009572D0 /* PatchData.swift in Sources */,
				5220B2841E63729D009572D0 /* GestureHandler.swift in Sources */,
				52BBDD011E64CCBD0086210A /* LogoSceneViewController.swift in Sources */,
				5220B2861E63748E009572D0 /* PGestureDelegate.swift in Sources */,
				5220B2741E63720F009572D0 /* Assets.swift in Sources */,
				524A01361E68C910004B38EC /* State.swift in Sources */,
				524A01391E68CA5F004B38EC /* BookmarkReducer.swift in Sources */,
				524A01401E6A1F13004B38EC /* RxObserver.swift in Sources */,
				5220B2921E637496009572D0 /* PatchNodeCache.swift in Sources */,
				5220B2791E63723B009572D0 /* SCNVector3Extensions.swift in Sources */,
				5220B2801E637288009572D0 /* PCodeConsumer.swift in Sources */,
				5220B2941E637496009572D0 /* PTurtle.swift in Sources */,
				5220B2771E63720F009572D0 /* Mutex.swift in Sources */,
				5220B2901E637496009572D0 /* Patch.swift in Sources */,
				5220B2931E637496009572D0 /* PPatch.swift in Sources */,
				5220B27F1E637288009572D0 /* CodeRunner.swift in Sources */,
				5220B2811E637288009572D0 /* PCodeListener.swift in Sources */,
				524A013A1E68CA5F004B38EC /* RepositoryReducer.swift in Sources */,
				52BBDD031E64CD660086210A /* HUDViewController.swift in Sources */,
				524A01351E68C910004B38EC /* AppReducer.swift in Sources */,
				52BBDD051E64D3040086210A /* BaseScene.swift in Sources */,
				524A013E1E68CAC6004B38EC /* RepositoriesAction.swift in Sources */,
				80EE09C0196A4C4A00B77AB0 /* AppDelegate.swift in Sources */,
				5220B2821E637288009572D0 /* PCodeRunner.swift in Sources */,
				5220B2951E637496009572D0 /* Turtle.swift in Sources */,
				5220B2761E63720F009572D0 /* ImageUtils.swift in Sources */,
			);
			runOnlyForDeploymentPostprocessing = 0;
		};
/* End PBXSourcesBuildPhase section */

/* Begin PBXVariantGroup section */
		525F54551D0F47E1008C8396 /* LaunchScreen.storyboard */ = {
			isa = PBXVariantGroup;
			children = (
				525F54561D0F47E1008C8396 /* Base */,
			);
			name = LaunchScreen.storyboard;
			sourceTree = "<group>";
		};
/* End PBXVariantGroup section */

/* Begin XCBuildConfiguration section */
		80EE09D4196A4C4A00B77AB0 /* Debug */ = {
			isa = XCBuildConfiguration;
			buildSettings = {
				ALWAYS_SEARCH_USER_PATHS = NO;
				CLANG_CXX_LANGUAGE_STANDARD = "gnu++0x";
				CLANG_CXX_LIBRARY = "libc++";
				CLANG_ENABLE_MODULES = YES;
				CLANG_ENABLE_OBJC_ARC = YES;
				CLANG_WARN_BOOL_CONVERSION = YES;
				CLANG_WARN_CONSTANT_CONVERSION = YES;
				CLANG_WARN_DIRECT_OBJC_ISA_USAGE = YES_ERROR;
				CLANG_WARN_EMPTY_BODY = YES;
				CLANG_WARN_ENUM_CONVERSION = YES;
				CLANG_WARN_INFINITE_RECURSION = YES;
				CLANG_WARN_INT_CONVERSION = YES;
				CLANG_WARN_OBJC_ROOT_CLASS = YES_ERROR;
				CLANG_WARN_SUSPICIOUS_MOVE = YES;
				CLANG_WARN_UNREACHABLE_CODE = YES;
				CLANG_WARN__DUPLICATE_METHOD_MATCH = YES;
				"CODE_SIGN_IDENTITY[sdk=iphoneos*]" = "iPhone Developer";
				COPY_PHASE_STRIP = NO;
				ENABLE_STRICT_OBJC_MSGSEND = YES;
				ENABLE_TESTABILITY = YES;
				GCC_C_LANGUAGE_STANDARD = gnu99;
				GCC_DYNAMIC_NO_PIC = NO;
				GCC_NO_COMMON_BLOCKS = YES;
				GCC_OPTIMIZATION_LEVEL = 0;
				GCC_PREPROCESSOR_DEFINITIONS = (
					"DEBUG=1",
					"$(inherited)",
				);
				GCC_SYMBOLS_PRIVATE_EXTERN = NO;
				GCC_WARN_64_TO_32_BIT_CONVERSION = YES;
				GCC_WARN_ABOUT_RETURN_TYPE = YES_ERROR;
				GCC_WARN_UNDECLARED_SELECTOR = YES;
				GCC_WARN_UNINITIALIZED_AUTOS = YES_AGGRESSIVE;
				GCC_WARN_UNUSED_FUNCTION = YES;
				GCC_WARN_UNUSED_VARIABLE = YES;
				IPHONEOS_DEPLOYMENT_TARGET = 8.0;
				METAL_ENABLE_DEBUG_INFO = YES;
				ONLY_ACTIVE_ARCH = YES;
				SDKROOT = iphoneos;
				SWIFT_OPTIMIZATION_LEVEL = "-Onone";
				TARGETED_DEVICE_FAMILY = "1,2";
			};
			name = Debug;
		};
		80EE09D5196A4C4A00B77AB0 /* Release */ = {
			isa = XCBuildConfiguration;
			buildSettings = {
				ALWAYS_SEARCH_USER_PATHS = NO;
				CLANG_CXX_LANGUAGE_STANDARD = "gnu++0x";
				CLANG_CXX_LIBRARY = "libc++";
				CLANG_ENABLE_MODULES = YES;
				CLANG_ENABLE_OBJC_ARC = YES;
				CLANG_WARN_BOOL_CONVERSION = YES;
				CLANG_WARN_CONSTANT_CONVERSION = YES;
				CLANG_WARN_DIRECT_OBJC_ISA_USAGE = YES_ERROR;
				CLANG_WARN_EMPTY_BODY = YES;
				CLANG_WARN_ENUM_CONVERSION = YES;
				CLANG_WARN_INFINITE_RECURSION = YES;
				CLANG_WARN_INT_CONVERSION = YES;
				CLANG_WARN_OBJC_ROOT_CLASS = YES_ERROR;
				CLANG_WARN_SUSPICIOUS_MOVE = YES;
				CLANG_WARN_UNREACHABLE_CODE = YES;
				CLANG_WARN__DUPLICATE_METHOD_MATCH = YES;
				"CODE_SIGN_IDENTITY[sdk=iphoneos*]" = "iPhone Developer";
				COPY_PHASE_STRIP = YES;
				ENABLE_NS_ASSERTIONS = NO;
				ENABLE_STRICT_OBJC_MSGSEND = YES;
				GCC_C_LANGUAGE_STANDARD = gnu99;
				GCC_NO_COMMON_BLOCKS = YES;
				GCC_WARN_64_TO_32_BIT_CONVERSION = YES;
				GCC_WARN_ABOUT_RETURN_TYPE = YES_ERROR;
				GCC_WARN_UNDECLARED_SELECTOR = YES;
				GCC_WARN_UNINITIALIZED_AUTOS = YES_AGGRESSIVE;
				GCC_WARN_UNUSED_FUNCTION = YES;
				GCC_WARN_UNUSED_VARIABLE = YES;
				IPHONEOS_DEPLOYMENT_TARGET = 8.0;
				METAL_ENABLE_DEBUG_INFO = NO;
				SDKROOT = iphoneos;
				SWIFT_OPTIMIZATION_LEVEL = "-Owholemodule";
				TARGETED_DEVICE_FAMILY = "1,2";
				VALIDATE_PRODUCT = YES;
			};
			name = Release;
		};
		80EE09D7196A4C4A00B77AB0 /* Debug */ = {
			isa = XCBuildConfiguration;
			buildSettings = {
				ASSETCATALOG_COMPILER_APPICON_NAME = AppIcon;
				ASSETCATALOG_COMPILER_LAUNCHIMAGE_NAME = LaunchImage;
				CLANG_ENABLE_MODULES = YES;
				DEVELOPMENT_TEAM = WDBW628V64;
				ENABLE_BITCODE = NO;
				FRAMEWORK_SEARCH_PATHS = (
					"$(inherited)",
					"$(PROJECT_DIR)/Carthage/Build/iOS",
				);
				INFOPLIST_FILE = "$(SRCROOT)/SceneKitTest/Info.plist";
				IPHONEOS_DEPLOYMENT_TARGET = 9.0;
				LD_RUNPATH_SEARCH_PATHS = "$(inherited) @executable_path/Frameworks";
				ONLY_ACTIVE_ARCH = NO;
				PRODUCT_BUNDLE_IDENTIFIER = com.jgrindall.scenekit;
				PRODUCT_NAME = SceneKitTest;
				SWIFT_INSTALL_OBJC_HEADER = YES;
				SWIFT_OBJC_BRIDGING_HEADER = "";
				SWIFT_OPTIMIZATION_LEVEL = "-Onone";
				SWIFT_VERSION = 3.0;
			};
			name = Debug;
		};
		80EE09D8196A4C4A00B77AB0 /* Release */ = {
			isa = XCBuildConfiguration;
			buildSettings = {
				ASSETCATALOG_COMPILER_APPICON_NAME = AppIcon;
				ASSETCATALOG_COMPILER_LAUNCHIMAGE_NAME = LaunchImage;
				CLANG_ENABLE_MODULES = YES;
				DEVELOPMENT_TEAM = WDBW628V64;
				ENABLE_BITCODE = NO;
				FRAMEWORK_SEARCH_PATHS = (
					"$(inherited)",
					"$(PROJECT_DIR)/Carthage/Build/iOS",
				);
				INFOPLIST_FILE = "$(SRCROOT)/SceneKitTest/Info.plist";
				IPHONEOS_DEPLOYMENT_TARGET = 9.0;
				LD_RUNPATH_SEARCH_PATHS = "$(inherited) @executable_path/Frameworks";
				ONLY_ACTIVE_ARCH = NO;
				PRODUCT_BUNDLE_IDENTIFIER = com.jgrindall.scenekit;
				PRODUCT_NAME = SceneKitTest;
				SWIFT_INSTALL_OBJC_HEADER = YES;
				SWIFT_OBJC_BRIDGING_HEADER = "";
				SWIFT_VERSION = 3.0;
			};
			name = Release;
		};
/* End XCBuildConfiguration section */

/* Begin XCConfigurationList section */
		80EE09B5196A4C4A00B77AB0 /* Build configuration list for PBXProject "SceneKitTest" */ = {
			isa = XCConfigurationList;
			buildConfigurations = (
				80EE09D4196A4C4A00B77AB0 /* Debug */,
				80EE09D5196A4C4A00B77AB0 /* Release */,
			);
			defaultConfigurationIsVisible = 0;
			defaultConfigurationName = Release;
		};
		80EE09D6196A4C4A00B77AB0 /* Build configuration list for PBXNativeTarget "SceneKitTest" */ = {
			isa = XCConfigurationList;
			buildConfigurations = (
				80EE09D7196A4C4A00B77AB0 /* Debug */,
				80EE09D8196A4C4A00B77AB0 /* Release */,
			);
			defaultConfigurationIsVisible = 0;
			defaultConfigurationName = Release;
		};
/* End XCConfigurationList section */
	};
	rootObject = 80EE09B2196A4C4A00B77AB0 /* Project object */;
}
