// !$*UTF8*$!
{
	archiveVersion = 1;
	classes = {
	};
	objectVersion = 46;
	objects = {

/* Begin PBXBuildFile section */
		522CD9F01CE8FE810062C004 /* robot.dae in Resources */ = {isa = PBXBuildFile; fileRef = 522CD9EF1CE8FE810062C004 /* robot.dae */; };
		525F54571D0F47E1008C8396 /* LaunchScreen.storyboard in Resources */ = {isa = PBXBuildFile; fileRef = 525F54551D0F47E1008C8396 /* LaunchScreen.storyboard */; };
		525F54591D0F4925008C8396 /* ViewController.swift in Sources */ = {isa = PBXBuildFile; fileRef = 525F54581D0F4925008C8396 /* ViewController.swift */; };
		52DC7CDF1D132CB10075C2D3 /* surf.shader in Resources */ = {isa = PBXBuildFile; fileRef = 52DC7CDE1D132CB10075C2D3 /* surf.shader */; };
		52E0C85F1D1E7BBA00B59FC9 /* GeomUtils.swift in Sources */ = {isa = PBXBuildFile; fileRef = 52E0C85E1D1E7BBA00B59FC9 /* GeomUtils.swift */; };
		52E0C8611D1E95ED00B59FC9 /* Assets.swift in Sources */ = {isa = PBXBuildFile; fileRef = 52E0C8601D1E95ED00B59FC9 /* Assets.swift */; };
		52E0C8631D1EA74100B59FC9 /* ImageUtils.swift in Sources */ = {isa = PBXBuildFile; fileRef = 52E0C8621D1EA74100B59FC9 /* ImageUtils.swift */; };
		52E0C8671D20475D00B59FC9 /* HeightMap.swift in Sources */ = {isa = PBXBuildFile; fileRef = 52E0C8661D20475D00B59FC9 /* HeightMap.swift */; };
		52E0C8691D2048A100B59FC9 /* CachedImage.swift in Sources */ = {isa = PBXBuildFile; fileRef = 52E0C8681D2048A100B59FC9 /* CachedImage.swift */; };
		52FEBC9F1D0419D900B65511 /* geom.shader in Resources */ = {isa = PBXBuildFile; fileRef = 52FEBC9E1D0419D900B65511 /* geom.shader */; };
		80EE09C0196A4C4A00B77AB0 /* AppDelegate.swift in Sources */ = {isa = PBXBuildFile; fileRef = 80EE09BF196A4C4A00B77AB0 /* AppDelegate.swift */; };
		80EE09C7196A4C4A00B77AB0 /* Images.xcassets in Resources */ = {isa = PBXBuildFile; fileRef = 80EE09C6196A4C4A00B77AB0 /* Images.xcassets */; };
/* End PBXBuildFile section */

/* Begin PBXFileReference section */
		522CD9EF1CE8FE810062C004 /* robot.dae */ = {isa = PBXFileReference; fileEncoding = 4; lastKnownFileType = text.xml.dae; path = robot.dae; sourceTree = "<group>"; };
		525F54561D0F47E1008C8396 /* Base */ = {isa = PBXFileReference; lastKnownFileType = file.storyboard; name = Base; path = Base.lproj/LaunchScreen.storyboard; sourceTree = "<group>"; };
		525F54581D0F4925008C8396 /* ViewController.swift */ = {isa = PBXFileReference; fileEncoding = 4; lastKnownFileType = sourcecode.swift; path = ViewController.swift; sourceTree = "<group>"; };
		52DC7CDE1D132CB10075C2D3 /* surf.shader */ = {isa = PBXFileReference; fileEncoding = 4; lastKnownFileType = text; path = surf.shader; sourceTree = "<group>"; };
		52E0C85E1D1E7BBA00B59FC9 /* GeomUtils.swift */ = {isa = PBXFileReference; fileEncoding = 4; lastKnownFileType = sourcecode.swift; path = GeomUtils.swift; sourceTree = "<group>"; };
		52E0C8601D1E95ED00B59FC9 /* Assets.swift */ = {isa = PBXFileReference; fileEncoding = 4; lastKnownFileType = sourcecode.swift; path = Assets.swift; sourceTree = "<group>"; };
		52E0C8621D1EA74100B59FC9 /* ImageUtils.swift */ = {isa = PBXFileReference; fileEncoding = 4; lastKnownFileType = sourcecode.swift; path = ImageUtils.swift; sourceTree = "<group>"; };
		52E0C8661D20475D00B59FC9 /* HeightMap.swift */ = {isa = PBXFileReference; fileEncoding = 4; lastKnownFileType = sourcecode.swift; path = HeightMap.swift; sourceTree = "<group>"; };
		52E0C8681D2048A100B59FC9 /* CachedImage.swift */ = {isa = PBXFileReference; fileEncoding = 4; lastKnownFileType = sourcecode.swift; path = CachedImage.swift; sourceTree = "<group>"; };
		52FEBC9E1D0419D900B65511 /* geom.shader */ = {isa = PBXFileReference; fileEncoding = 4; lastKnownFileType = text; path = geom.shader; sourceTree = "<group>"; };
		80EE09BA196A4C4A00B77AB0 /* SceneKitTest.app */ = {isa = PBXFileReference; explicitFileType = wrapper.application; includeInIndex = 0; path = SceneKitTest.app; sourceTree = BUILT_PRODUCTS_DIR; };
		80EE09BE196A4C4A00B77AB0 /* Info.plist */ = {isa = PBXFileReference; fileEncoding = 4; lastKnownFileType = text.plist.xml; path = Info.plist; sourceTree = "<group>"; };
		80EE09BF196A4C4A00B77AB0 /* AppDelegate.swift */ = {isa = PBXFileReference; lastKnownFileType = sourcecode.swift; path = AppDelegate.swift; sourceTree = "<group>"; };
		80EE09C6196A4C4A00B77AB0 /* Images.xcassets */ = {isa = PBXFileReference; lastKnownFileType = folder.assetcatalog; path = Images.xcassets; sourceTree = "<group>"; };
/* End PBXFileReference section */

/* Begin PBXFrameworksBuildPhase section */
		80EE09B7196A4C4A00B77AB0 /* Frameworks */ = {
			isa = PBXFrameworksBuildPhase;
			buildActionMask = 2147483647;
			files = (
			);
			runOnlyForDeploymentPostprocessing = 0;
		};
/* End PBXFrameworksBuildPhase section */

/* Begin PBXGroup section */
		80EE09B1196A4C4A00B77AB0 = {
			isa = PBXGroup;
			children = (
				80EE09BC196A4C4A00B77AB0 /* SceneKitTest */,
				80EE09BB196A4C4A00B77AB0 /* Products */,
			);
			sourceTree = "<group>";
		};
		80EE09BB196A4C4A00B77AB0 /* Products */ = {
			isa = PBXGroup;
			children = (
				80EE09BA196A4C4A00B77AB0 /* SceneKitTest.app */,
			);
			name = Products;
			sourceTree = "<group>";
		};
		80EE09BC196A4C4A00B77AB0 /* SceneKitTest */ = {
			isa = PBXGroup;
			children = (
				52DC7CDE1D132CB10075C2D3 /* surf.shader */,
				52E0C8681D2048A100B59FC9 /* CachedImage.swift */,
				52E0C8661D20475D00B59FC9 /* HeightMap.swift */,
				52E0C8621D1EA74100B59FC9 /* ImageUtils.swift */,
				525F54581D0F4925008C8396 /* ViewController.swift */,
				52E0C8601D1E95ED00B59FC9 /* Assets.swift */,
				52E0C85E1D1E7BBA00B59FC9 /* GeomUtils.swift */,
				522CD9EF1CE8FE810062C004 /* robot.dae */,
				52FEBC9E1D0419D900B65511 /* geom.shader */,
				80EE09BF196A4C4A00B77AB0 /* AppDelegate.swift */,
				80EE09C6196A4C4A00B77AB0 /* Images.xcassets */,
				80EE09BD196A4C4A00B77AB0 /* Supporting Files */,
			);
			path = SceneKitTest;
			sourceTree = "<group>";
		};
		80EE09BD196A4C4A00B77AB0 /* Supporting Files */ = {
			isa = PBXGroup;
			children = (
				525F54551D0F47E1008C8396 /* LaunchScreen.storyboard */,
				80EE09BE196A4C4A00B77AB0 /* Info.plist */,
			);
			name = "Supporting Files";
			sourceTree = "<group>";
		};
/* End PBXGroup section */

/* Begin PBXNativeTarget section */
		80EE09B9196A4C4A00B77AB0 /* SceneKitTest */ = {
			isa = PBXNativeTarget;
			buildConfigurationList = 80EE09D6196A4C4A00B77AB0 /* Build configuration list for PBXNativeTarget "SceneKitTest" */;
			buildPhases = (
				80EE09B6196A4C4A00B77AB0 /* Sources */,
				80EE09B7196A4C4A00B77AB0 /* Frameworks */,
				80EE09B8196A4C4A00B77AB0 /* Resources */,
			);
			buildRules = (
			);
			dependencies = (
			);
			name = SceneKitTest;
			productName = CarbonVisualizer;
			productReference = 80EE09BA196A4C4A00B77AB0 /* SceneKitTest.app */;
			productType = "com.apple.product-type.application";
		};
/* End PBXNativeTarget section */

/* Begin PBXProject section */
		80EE09B2196A4C4A00B77AB0 /* Project object */ = {
			isa = PBXProject;
			attributes = {
				LastSwiftUpdateCheck = 0730;
				LastUpgradeCheck = 0730;
				ORGANIZATIONNAME = "";
				TargetAttributes = {
					80EE09B9196A4C4A00B77AB0 = {
						CreatedOnToolsVersion = 6.0;
					};
				};
			};
			buildConfigurationList = 80EE09B5196A4C4A00B77AB0 /* Build configuration list for PBXProject "SceneKitTest" */;
			compatibilityVersion = "Xcode 3.2";
			developmentRegion = English;
			hasScannedForEncodings = 0;
			knownRegions = (
				en,
				Base,
			);
			mainGroup = 80EE09B1196A4C4A00B77AB0;
			productRefGroup = 80EE09BB196A4C4A00B77AB0 /* Products */;
			projectDirPath = "";
			projectRoot = "";
			targets = (
				80EE09B9196A4C4A00B77AB0 /* SceneKitTest */,
			);
		};
/* End PBXProject section */

/* Begin PBXResourcesBuildPhase section */
		80EE09B8196A4C4A00B77AB0 /* Resources */ = {
			isa = PBXResourcesBuildPhase;
			buildActionMask = 2147483647;
			files = (
				80EE09C7196A4C4A00B77AB0 /* Images.xcassets in Resources */,
				522CD9F01CE8FE810062C004 /* robot.dae in Resources */,
				525F54571D0F47E1008C8396 /* LaunchScreen.storyboard in Resources */,
				52FEBC9F1D0419D900B65511 /* geom.shader in Resources */,
				52DC7CDF1D132CB10075C2D3 /* surf.shader in Resources */,
			);
			runOnlyForDeploymentPostprocessing = 0;
		};
/* End PBXResourcesBuildPhase section */

/* Begin PBXSourcesBuildPhase section */
		80EE09B6196A4C4A00B77AB0 /* Sources */ = {
			isa = PBXSourcesBuildPhase;
			buildActionMask = 2147483647;
			files = (
				525F54591D0F4925008C8396 /* ViewController.swift in Sources */,
				52E0C8671D20475D00B59FC9 /* HeightMap.swift in Sources */,
				52E0C85F1D1E7BBA00B59FC9 /* GeomUtils.swift in Sources */,
				52E0C8691D2048A100B59FC9 /* CachedImage.swift in Sources */,
				52E0C8611D1E95ED00B59FC9 /* Assets.swift in Sources */,
				52E0C8631D1EA74100B59FC9 /* ImageUtils.swift in Sources */,
				80EE09C0196A4C4A00B77AB0 /* AppDelegate.swift in Sources */,
			);
			runOnlyForDeploymentPostprocessing = 0;
		};
/* End PBXSourcesBuildPhase section */

/* Begin PBXVariantGroup section */
		525F54551D0F47E1008C8396 /* LaunchScreen.storyboard */ = {
			isa = PBXVariantGroup;
			children = (
				525F54561D0F47E1008C8396 /* Base */,
			);
			name = LaunchScreen.storyboard;
			sourceTree = "<group>";
		};
/* End PBXVariantGroup section */

/* Begin XCBuildConfiguration section */
		80EE09D4196A4C4A00B77AB0 /* Debug */ = {
			isa = XCBuildConfiguration;
			buildSettings = {
				ALWAYS_SEARCH_USER_PATHS = NO;
				CLANG_CXX_LANGUAGE_STANDARD = "gnu++0x";
				CLANG_CXX_LIBRARY = "libc++";
				CLANG_ENABLE_MODULES = YES;
				CLANG_ENABLE_OBJC_ARC = YES;
				CLANG_WARN_BOOL_CONVERSION = YES;
				CLANG_WARN_CONSTANT_CONVERSION = YES;
				CLANG_WARN_DIRECT_OBJC_ISA_USAGE = YES_ERROR;
				CLANG_WARN_EMPTY_BODY = YES;
				CLANG_WARN_ENUM_CONVERSION = YES;
				CLANG_WARN_INT_CONVERSION = YES;
				CLANG_WARN_OBJC_ROOT_CLASS = YES_ERROR;
				CLANG_WARN_UNREACHABLE_CODE = YES;
				CLANG_WARN__DUPLICATE_METHOD_MATCH = YES;
				"CODE_SIGN_IDENTITY[sdk=iphoneos*]" = "iPhone Developer";
				COPY_PHASE_STRIP = NO;
				ENABLE_STRICT_OBJC_MSGSEND = YES;
				ENABLE_TESTABILITY = YES;
				GCC_C_LANGUAGE_STANDARD = gnu99;
				GCC_DYNAMIC_NO_PIC = NO;
				GCC_OPTIMIZATION_LEVEL = 0;
				GCC_PREPROCESSOR_DEFINITIONS = (
					"DEBUG=1",
					"$(inherited)",
				);
				GCC_SYMBOLS_PRIVATE_EXTERN = NO;
				GCC_WARN_64_TO_32_BIT_CONVERSION = YES;
				GCC_WARN_ABOUT_RETURN_TYPE = YES_ERROR;
				GCC_WARN_UNDECLARED_SELECTOR = YES;
				GCC_WARN_UNINITIALIZED_AUTOS = YES_AGGRESSIVE;
				GCC_WARN_UNUSED_FUNCTION = YES;
				GCC_WARN_UNUSED_VARIABLE = YES;
				IPHONEOS_DEPLOYMENT_TARGET = 8.0;
				METAL_ENABLE_DEBUG_INFO = YES;
				ONLY_ACTIVE_ARCH = YES;
				SDKROOT = iphoneos;
				SWIFT_OPTIMIZATION_LEVEL = "-Onone";
				TARGETED_DEVICE_FAMILY = "1,2";
			};
			name = Debug;
		};
		80EE09D5196A4C4A00B77AB0 /* Release */ = {
			isa = XCBuildConfiguration;
			buildSettings = {
				ALWAYS_SEARCH_USER_PATHS = NO;
				CLANG_CXX_LANGUAGE_STANDARD = "gnu++0x";
				CLANG_CXX_LIBRARY = "libc++";
				CLANG_ENABLE_MODULES = YES;
				CLANG_ENABLE_OBJC_ARC = YES;
				CLANG_WARN_BOOL_CONVERSION = YES;
				CLANG_WARN_CONSTANT_CONVERSION = YES;
				CLANG_WARN_DIRECT_OBJC_ISA_USAGE = YES_ERROR;
				CLANG_WARN_EMPTY_BODY = YES;
				CLANG_WARN_ENUM_CONVERSION = YES;
				CLANG_WARN_INT_CONVERSION = YES;
				CLANG_WARN_OBJC_ROOT_CLASS = YES_ERROR;
				CLANG_WARN_UNREACHABLE_CODE = YES;
				CLANG_WARN__DUPLICATE_METHOD_MATCH = YES;
				"CODE_SIGN_IDENTITY[sdk=iphoneos*]" = "iPhone Developer";
				COPY_PHASE_STRIP = YES;
				ENABLE_NS_ASSERTIONS = NO;
				ENABLE_STRICT_OBJC_MSGSEND = YES;
				GCC_C_LANGUAGE_STANDARD = gnu99;
				GCC_WARN_64_TO_32_BIT_CONVERSION = YES;
				GCC_WARN_ABOUT_RETURN_TYPE = YES_ERROR;
				GCC_WARN_UNDECLARED_SELECTOR = YES;
				GCC_WARN_UNINITIALIZED_AUTOS = YES_AGGRESSIVE;
				GCC_WARN_UNUSED_FUNCTION = YES;
				GCC_WARN_UNUSED_VARIABLE = YES;
				IPHONEOS_DEPLOYMENT_TARGET = 8.0;
				METAL_ENABLE_DEBUG_INFO = NO;
				SDKROOT = iphoneos;
				TARGETED_DEVICE_FAMILY = "1,2";
				VALIDATE_PRODUCT = YES;
			};
			name = Release;
		};
		80EE09D7196A4C4A00B77AB0 /* Debug */ = {
			isa = XCBuildConfiguration;
			buildSettings = {
				ASSETCATALOG_COMPILER_APPICON_NAME = AppIcon;
				ASSETCATALOG_COMPILER_LAUNCHIMAGE_NAME = LaunchImage;
				CLANG_ENABLE_MODULES = YES;
				INFOPLIST_FILE = "$(SRCROOT)/SceneKitTest/Info.plist";
				IPHONEOS_DEPLOYMENT_TARGET = 9.0;
				LD_RUNPATH_SEARCH_PATHS = "$(inherited) @executable_path/Frameworks";
				ONLY_ACTIVE_ARCH = NO;
				PRODUCT_BUNDLE_IDENTIFIER = com.jgrindall.scenekit;
				PRODUCT_NAME = SceneKitTest;
				SWIFT_INSTALL_OBJC_HEADER = YES;
				SWIFT_OBJC_BRIDGING_HEADER = "";
				SWIFT_OPTIMIZATION_LEVEL = "-Onone";
			};
			name = Debug;
		};
		80EE09D8196A4C4A00B77AB0 /* Release */ = {
			isa = XCBuildConfiguration;
			buildSettings = {
				ASSETCATALOG_COMPILER_APPICON_NAME = AppIcon;
				ASSETCATALOG_COMPILER_LAUNCHIMAGE_NAME = LaunchImage;
				CLANG_ENABLE_MODULES = YES;
				INFOPLIST_FILE = "$(SRCROOT)/SceneKitTest/Info.plist";
				IPHONEOS_DEPLOYMENT_TARGET = 9.0;
				LD_RUNPATH_SEARCH_PATHS = "$(inherited) @executable_path/Frameworks";
				ONLY_ACTIVE_ARCH = NO;
				PRODUCT_BUNDLE_IDENTIFIER = com.jgrindall.scenekit;
				PRODUCT_NAME = SceneKitTest;
				SWIFT_INSTALL_OBJC_HEADER = YES;
				SWIFT_OBJC_BRIDGING_HEADER = "";
			};
			name = Release;
		};
/* End XCBuildConfiguration section */

/* Begin XCConfigurationList section */
		80EE09B5196A4C4A00B77AB0 /* Build configuration list for PBXProject "SceneKitTest" */ = {
			isa = XCConfigurationList;
			buildConfigurations = (
				80EE09D4196A4C4A00B77AB0 /* Debug */,
				80EE09D5196A4C4A00B77AB0 /* Release */,
			);
			defaultConfigurationIsVisible = 0;
			defaultConfigurationName = Release;
		};
		80EE09D6196A4C4A00B77AB0 /* Build configuration list for PBXNativeTarget "SceneKitTest" */ = {
			isa = XCConfigurationList;
			buildConfigurations = (
				80EE09D7196A4C4A00B77AB0 /* Debug */,
				80EE09D8196A4C4A00B77AB0 /* Release */,
			);
			defaultConfigurationIsVisible = 0;
			defaultConfigurationName = Release;
		};
/* End XCConfigurationList section */
	};
	rootObject = 80EE09B2196A4C4A00B77AB0 /* Project object */;
}
