// !$*UTF8*$!
{
	archiveVersion = 1;
	classes = {
	};
	objectVersion = 46;
	objects = {

/* Begin PBXBuildFile section */
		5221C7881D85F3A500B71566 /* geom3.shader in Resources */ = {isa = PBXBuildFile; fileRef = 5221C7871D85F3A500B71566 /* geom3.shader */; };
		5237FD9B1D8F256E008651DF /* frag.shader in Resources */ = {isa = PBXBuildFile; fileRef = 5237FD9A1D8F256E008651DF /* frag.shader */; };
		525F54571D0F47E1008C8396 /* LaunchScreen.storyboard in Resources */ = {isa = PBXBuildFile; fileRef = 525F54551D0F47E1008C8396 /* LaunchScreen.storyboard */; };
		525F54591D0F4925008C8396 /* ViewController.swift in Sources */ = {isa = PBXBuildFile; fileRef = 525F54581D0F4925008C8396 /* ViewController.swift */; };
		5269C29C1DC7E32900E3BCC2 /* EventDispatcher.swift in Sources */ = {isa = PBXBuildFile; fileRef = 5269C29B1DC7E32900E3BCC2 /* EventDispatcher.swift */; };
		526CB6F61E510EC800C2E0F5 /* Patch.swift in Sources */ = {isa = PBXBuildFile; fileRef = 526CB6F41E510EC800C2E0F5 /* Patch.swift */; };
		526CB6F71E510EC800C2E0F5 /* Turtle.swift in Sources */ = {isa = PBXBuildFile; fileRef = 526CB6F51E510EC800C2E0F5 /* Turtle.swift */; };
		526CB6FB1E51102500C2E0F5 /* PPatch.swift in Sources */ = {isa = PBXBuildFile; fileRef = 526CB6FA1E51102500C2E0F5 /* PPatch.swift */; };
		526CB6FD1E51106600C2E0F5 /* PatchData.swift in Sources */ = {isa = PBXBuildFile; fileRef = 526CB6FC1E51106600C2E0F5 /* PatchData.swift */; };
		526CB6FF1E51148100C2E0F5 /* PatchNodeCache.swift in Sources */ = {isa = PBXBuildFile; fileRef = 526CB6FE1E51148100C2E0F5 /* PatchNodeCache.swift */; };
		526CB7091E5114E200C2E0F5 /* PTurtle.swift in Sources */ = {isa = PBXBuildFile; fileRef = 526CB7061E5114E200C2E0F5 /* PTurtle.swift */; };
		526CB70A1E5114E200C2E0F5 /* TurtleData.swift in Sources */ = {isa = PBXBuildFile; fileRef = 526CB7071E5114E200C2E0F5 /* TurtleData.swift */; };
		526CB70B1E5114E200C2E0F5 /* TurtleNodeCache.swift in Sources */ = {isa = PBXBuildFile; fileRef = 526CB7081E5114E200C2E0F5 /* TurtleNodeCache.swift */; };
		527C14711D985C2B0079D4A8 /* surf2.shader in Resources */ = {isa = PBXBuildFile; fileRef = 527C14701D985C2B0079D4A8 /* surf2.shader */; };
		52861D5A1D27F80A002441B7 /* GestureHandler.swift in Sources */ = {isa = PBXBuildFile; fileRef = 52861D591D27F80A002441B7 /* GestureHandler.swift */; };
		52861D661D29AE5D002441B7 /* shared.txt in Resources */ = {isa = PBXBuildFile; fileRef = 52861D651D29AE5D002441B7 /* shared.txt */; };
		528E52CF1D5BD2A80064489F /* geom2.shader in Resources */ = {isa = PBXBuildFile; fileRef = 528E52CE1D5BD2A80064489F /* geom2.shader */; };
		529743391D4D2C1600557DA9 /* SCNVector3Extensions.swift in Sources */ = {isa = PBXBuildFile; fileRef = 529743381D4D2C1600557DA9 /* SCNVector3Extensions.swift */; };
		52A9C7951E5253B500082CF1 /* bg.png in Resources */ = {isa = PBXBuildFile; fileRef = 52A9C7941E5253B500082CF1 /* bg.png */; };
		52A9C7971E525E5C00082CF1 /* CodeRunner.swift in Sources */ = {isa = PBXBuildFile; fileRef = 52A9C7961E525E5C00082CF1 /* CodeRunner.swift */; };
		52A9C7991E525EE300082CF1 /* common.js in Resources */ = {isa = PBXBuildFile; fileRef = 52A9C7981E525EE300082CF1 /* common.js */; };
		52A9C79B1E52752F00082CF1 /* MyClass.swift in Sources */ = {isa = PBXBuildFile; fileRef = 52A9C79A1E52752F00082CF1 /* MyClass.swift */; };
		52DC7CDF1D132CB10075C2D3 /* surf.shader in Resources */ = {isa = PBXBuildFile; fileRef = 52DC7CDE1D132CB10075C2D3 /* surf.shader */; };
		52E0C8611D1E95ED00B59FC9 /* Assets.swift in Sources */ = {isa = PBXBuildFile; fileRef = 52E0C8601D1E95ED00B59FC9 /* Assets.swift */; };
		52E0C8631D1EA74100B59FC9 /* ImageUtils.swift in Sources */ = {isa = PBXBuildFile; fileRef = 52E0C8621D1EA74100B59FC9 /* ImageUtils.swift */; };
		52FEBC9F1D0419D900B65511 /* geom.shader in Resources */ = {isa = PBXBuildFile; fileRef = 52FEBC9E1D0419D900B65511 /* geom.shader */; };
		80EE09C0196A4C4A00B77AB0 /* AppDelegate.swift in Sources */ = {isa = PBXBuildFile; fileRef = 80EE09BF196A4C4A00B77AB0 /* AppDelegate.swift */; };
		80EE09C7196A4C4A00B77AB0 /* Images.xcassets in Resources */ = {isa = PBXBuildFile; fileRef = 80EE09C6196A4C4A00B77AB0 /* Images.xcassets */; };
/* End PBXBuildFile section */

/* Begin PBXFileReference section */
		5221C7871D85F3A500B71566 /* geom3.shader */ = {isa = PBXFileReference; fileEncoding = 4; lastKnownFileType = text; path = geom3.shader; sourceTree = "<group>"; };
		5237FD9A1D8F256E008651DF /* frag.shader */ = {isa = PBXFileReference; fileEncoding = 4; lastKnownFileType = text; path = frag.shader; sourceTree = "<group>"; };
		525F54561D0F47E1008C8396 /* Base */ = {isa = PBXFileReference; lastKnownFileType = file.storyboard; name = Base; path = Base.lproj/LaunchScreen.storyboard; sourceTree = "<group>"; };
		525F54581D0F4925008C8396 /* ViewController.swift */ = {isa = PBXFileReference; fileEncoding = 4; lastKnownFileType = sourcecode.swift; path = ViewController.swift; sourceTree = "<group>"; };
		5269C29B1DC7E32900E3BCC2 /* EventDispatcher.swift */ = {isa = PBXFileReference; fileEncoding = 4; lastKnownFileType = sourcecode.swift; path = EventDispatcher.swift; sourceTree = "<group>"; };
		526CB6F41E510EC800C2E0F5 /* Patch.swift */ = {isa = PBXFileReference; fileEncoding = 4; lastKnownFileType = sourcecode.swift; path = Patch.swift; sourceTree = "<group>"; };
		526CB6F51E510EC800C2E0F5 /* Turtle.swift */ = {isa = PBXFileReference; fileEncoding = 4; lastKnownFileType = sourcecode.swift; path = Turtle.swift; sourceTree = "<group>"; };
		526CB6FA1E51102500C2E0F5 /* PPatch.swift */ = {isa = PBXFileReference; fileEncoding = 4; lastKnownFileType = sourcecode.swift; path = PPatch.swift; sourceTree = "<group>"; };
		526CB6FC1E51106600C2E0F5 /* PatchData.swift */ = {isa = PBXFileReference; fileEncoding = 4; lastKnownFileType = sourcecode.swift; path = PatchData.swift; sourceTree = "<group>"; };
		526CB6FE1E51148100C2E0F5 /* PatchNodeCache.swift */ = {isa = PBXFileReference; fileEncoding = 4; lastKnownFileType = sourcecode.swift; path = PatchNodeCache.swift; sourceTree = "<group>"; };
		526CB7061E5114E200C2E0F5 /* PTurtle.swift */ = {isa = PBXFileReference; fileEncoding = 4; lastKnownFileType = sourcecode.swift; path = PTurtle.swift; sourceTree = "<group>"; };
		526CB7071E5114E200C2E0F5 /* TurtleData.swift */ = {isa = PBXFileReference; fileEncoding = 4; lastKnownFileType = sourcecode.swift; path = TurtleData.swift; sourceTree = "<group>"; };
		526CB7081E5114E200C2E0F5 /* TurtleNodeCache.swift */ = {isa = PBXFileReference; fileEncoding = 4; lastKnownFileType = sourcecode.swift; path = TurtleNodeCache.swift; sourceTree = "<group>"; };
		527C14701D985C2B0079D4A8 /* surf2.shader */ = {isa = PBXFileReference; fileEncoding = 4; lastKnownFileType = text; path = surf2.shader; sourceTree = "<group>"; };
		52861D591D27F80A002441B7 /* GestureHandler.swift */ = {isa = PBXFileReference; fileEncoding = 4; lastKnownFileType = sourcecode.swift; path = GestureHandler.swift; sourceTree = "<group>"; };
		52861D651D29AE5D002441B7 /* shared.txt */ = {isa = PBXFileReference; fileEncoding = 4; lastKnownFileType = text; path = shared.txt; sourceTree = "<group>"; };
		528E52CE1D5BD2A80064489F /* geom2.shader */ = {isa = PBXFileReference; fileEncoding = 4; lastKnownFileType = text; path = geom2.shader; sourceTree = "<group>"; };
		529743381D4D2C1600557DA9 /* SCNVector3Extensions.swift */ = {isa = PBXFileReference; fileEncoding = 4; lastKnownFileType = sourcecode.swift; path = SCNVector3Extensions.swift; sourceTree = "<group>"; };
		52A9C7941E5253B500082CF1 /* bg.png */ = {isa = PBXFileReference; lastKnownFileType = image.png; path = bg.png; sourceTree = "<group>"; };
		52A9C7961E525E5C00082CF1 /* CodeRunner.swift */ = {isa = PBXFileReference; fileEncoding = 4; lastKnownFileType = sourcecode.swift; path = CodeRunner.swift; sourceTree = "<group>"; };
		52A9C7981E525EE300082CF1 /* common.js */ = {isa = PBXFileReference; fileEncoding = 4; lastKnownFileType = sourcecode.javascript; path = common.js; sourceTree = "<group>"; };
		52A9C79A1E52752F00082CF1 /* MyClass.swift */ = {isa = PBXFileReference; fileEncoding = 4; lastKnownFileType = sourcecode.swift; path = MyClass.swift; sourceTree = "<group>"; };
		52DC7CDE1D132CB10075C2D3 /* surf.shader */ = {isa = PBXFileReference; fileEncoding = 4; lastKnownFileType = text; path = surf.shader; sourceTree = "<group>"; };
		52E0C8601D1E95ED00B59FC9 /* Assets.swift */ = {isa = PBXFileReference; fileEncoding = 4; lastKnownFileType = sourcecode.swift; path = Assets.swift; sourceTree = "<group>"; };
		52E0C8621D1EA74100B59FC9 /* ImageUtils.swift */ = {isa = PBXFileReference; fileEncoding = 4; lastKnownFileType = sourcecode.swift; path = ImageUtils.swift; sourceTree = "<group>"; };
		52FEBC9E1D0419D900B65511 /* geom.shader */ = {isa = PBXFileReference; fileEncoding = 4; lastKnownFileType = text; path = geom.shader; sourceTree = "<group>"; };
		80EE09BA196A4C4A00B77AB0 /* SceneKitTest.app */ = {isa = PBXFileReference; explicitFileType = wrapper.application; includeInIndex = 0; path = SceneKitTest.app; sourceTree = BUILT_PRODUCTS_DIR; };
		80EE09BE196A4C4A00B77AB0 /* Info.plist */ = {isa = PBXFileReference; fileEncoding = 4; lastKnownFileType = text.plist.xml; path = Info.plist; sourceTree = "<group>"; };
		80EE09BF196A4C4A00B77AB0 /* AppDelegate.swift */ = {isa = PBXFileReference; lastKnownFileType = sourcecode.swift; path = AppDelegate.swift; sourceTree = "<group>"; };
		80EE09C6196A4C4A00B77AB0 /* Images.xcassets */ = {isa = PBXFileReference; lastKnownFileType = folder.assetcatalog; path = Images.xcassets; sourceTree = "<group>"; };
/* End PBXFileReference section */

/* Begin PBXFrameworksBuildPhase section */
		80EE09B7196A4C4A00B77AB0 /* Frameworks */ = {
			isa = PBXFrameworksBuildPhase;
			buildActionMask = 2147483647;
			files = (
			);
			runOnlyForDeploymentPostprocessing = 0;
		};
/* End PBXFrameworksBuildPhase section */

/* Begin PBXGroup section */
		52861D611D29ADC7002441B7 /* shaders */ = {
			isa = PBXGroup;
			children = (
				527C14701D985C2B0079D4A8 /* surf2.shader */,
				5237FD9A1D8F256E008651DF /* frag.shader */,
				5221C7871D85F3A500B71566 /* geom3.shader */,
				528E52CE1D5BD2A80064489F /* geom2.shader */,
				52861D651D29AE5D002441B7 /* shared.txt */,
				52DC7CDE1D132CB10075C2D3 /* surf.shader */,
				52FEBC9E1D0419D900B65511 /* geom.shader */,
			);
			name = shaders;
			sourceTree = "<group>";
		};
		52861D621D29ADD3002441B7 /* utils */ = {
			isa = PBXGroup;
			children = (
				529743381D4D2C1600557DA9 /* SCNVector3Extensions.swift */,
				52E0C8601D1E95ED00B59FC9 /* Assets.swift */,
				52E0C8621D1EA74100B59FC9 /* ImageUtils.swift */,
				5269C29B1DC7E32900E3BCC2 /* EventDispatcher.swift */,
			);
			name = utils;
			sourceTree = "<group>";
		};
		52861D641D29ADEA002441B7 /* maps */ = {
			isa = PBXGroup;
			children = (
			);
			name = maps;
			sourceTree = "<group>";
		};
		80EE09B1196A4C4A00B77AB0 = {
			isa = PBXGroup;
			children = (
				80EE09BC196A4C4A00B77AB0 /* SceneKitTest */,
				80EE09BB196A4C4A00B77AB0 /* Products */,
			);
			sourceTree = "<group>";
		};
		80EE09BB196A4C4A00B77AB0 /* Products */ = {
			isa = PBXGroup;
			children = (
				80EE09BA196A4C4A00B77AB0 /* SceneKitTest.app */,
			);
			name = Products;
			sourceTree = "<group>";
		};
		80EE09BC196A4C4A00B77AB0 /* SceneKitTest */ = {
			isa = PBXGroup;
			children = (
				52A9C79A1E52752F00082CF1 /* MyClass.swift */,
				52A9C7981E525EE300082CF1 /* common.js */,
				52A9C7961E525E5C00082CF1 /* CodeRunner.swift */,
				52A9C7941E5253B500082CF1 /* bg.png */,
				526CB7061E5114E200C2E0F5 /* PTurtle.swift */,
				526CB7071E5114E200C2E0F5 /* TurtleData.swift */,
				526CB7081E5114E200C2E0F5 /* TurtleNodeCache.swift */,
				526CB6FE1E51148100C2E0F5 /* PatchNodeCache.swift */,
				526CB6FC1E51106600C2E0F5 /* PatchData.swift */,
				526CB6FA1E51102500C2E0F5 /* PPatch.swift */,
				526CB6F41E510EC800C2E0F5 /* Patch.swift */,
				526CB6F51E510EC800C2E0F5 /* Turtle.swift */,
				52861D641D29ADEA002441B7 /* maps */,
				52861D591D27F80A002441B7 /* GestureHandler.swift */,
				52861D611D29ADC7002441B7 /* shaders */,
				52861D621D29ADD3002441B7 /* utils */,
				525F54581D0F4925008C8396 /* ViewController.swift */,
				80EE09BF196A4C4A00B77AB0 /* AppDelegate.swift */,
				80EE09C6196A4C4A00B77AB0 /* Images.xcassets */,
				80EE09BD196A4C4A00B77AB0 /* Supporting Files */,
			);
			path = SceneKitTest;
			sourceTree = "<group>";
		};
		80EE09BD196A4C4A00B77AB0 /* Supporting Files */ = {
			isa = PBXGroup;
			children = (
				525F54551D0F47E1008C8396 /* LaunchScreen.storyboard */,
				80EE09BE196A4C4A00B77AB0 /* Info.plist */,
			);
			name = "Supporting Files";
			sourceTree = "<group>";
		};
/* End PBXGroup section */

/* Begin PBXNativeTarget section */
		80EE09B9196A4C4A00B77AB0 /* SceneKitTest */ = {
			isa = PBXNativeTarget;
			buildConfigurationList = 80EE09D6196A4C4A00B77AB0 /* Build configuration list for PBXNativeTarget "SceneKitTest" */;
			buildPhases = (
				80EE09B6196A4C4A00B77AB0 /* Sources */,
				80EE09B7196A4C4A00B77AB0 /* Frameworks */,
				80EE09B8196A4C4A00B77AB0 /* Resources */,
				52A9C79C1E550C0000082CF1 /* ShellScript */,
			);
			buildRules = (
			);
			dependencies = (
			);
			name = SceneKitTest;
			productName = CarbonVisualizer;
			productReference = 80EE09BA196A4C4A00B77AB0 /* SceneKitTest.app */;
			productType = "com.apple.product-type.application";
		};
/* End PBXNativeTarget section */

/* Begin PBXProject section */
		80EE09B2196A4C4A00B77AB0 /* Project object */ = {
			isa = PBXProject;
			attributes = {
				LastSwiftUpdateCheck = 0730;
				LastUpgradeCheck = 0820;
				ORGANIZATIONNAME = "";
				TargetAttributes = {
					80EE09B9196A4C4A00B77AB0 = {
						CreatedOnToolsVersion = 6.0;
						DevelopmentTeam = WDBW628V64;
						LastSwiftMigration = 0820;
					};
				};
			};
			buildConfigurationList = 80EE09B5196A4C4A00B77AB0 /* Build configuration list for PBXProject "SceneKitTest" */;
			compatibilityVersion = "Xcode 3.2";
			developmentRegion = English;
			hasScannedForEncodings = 0;
			knownRegions = (
				en,
				Base,
			);
			mainGroup = 80EE09B1196A4C4A00B77AB0;
			productRefGroup = 80EE09BB196A4C4A00B77AB0 /* Products */;
			projectDirPath = "";
			projectRoot = "";
			targets = (
				80EE09B9196A4C4A00B77AB0 /* SceneKitTest */,
			);
		};
/* End PBXProject section */

/* Begin PBXResourcesBuildPhase section */
		80EE09B8196A4C4A00B77AB0 /* Resources */ = {
			isa = PBXResourcesBuildPhase;
			buildActionMask = 2147483647;
			files = (
				52A9C7991E525EE300082CF1 /* common.js in Resources */,
				52A9C7951E5253B500082CF1 /* bg.png in Resources */,
				80EE09C7196A4C4A00B77AB0 /* Images.xcassets in Resources */,
				527C14711D985C2B0079D4A8 /* surf2.shader in Resources */,
				525F54571D0F47E1008C8396 /* LaunchScreen.storyboard in Resources */,
				5221C7881D85F3A500B71566 /* geom3.shader in Resources */,
				52FEBC9F1D0419D900B65511 /* geom.shader in Resources */,
				5237FD9B1D8F256E008651DF /* frag.shader in Resources */,
				528E52CF1D5BD2A80064489F /* geom2.shader in Resources */,
				52DC7CDF1D132CB10075C2D3 /* surf.shader in Resources */,
				52861D661D29AE5D002441B7 /* shared.txt in Resources */,
			);
			runOnlyForDeploymentPostprocessing = 0;
		};
/* End PBXResourcesBuildPhase section */

/* Begin PBXShellScriptBuildPhase section */
		52A9C79C1E550C0000082CF1 /* ShellScript */ = {
			isa = PBXShellScriptBuildPhase;
			buildActionMask = 2147483647;
			files = (
			);
			inputPaths = (
			);
			outputPaths = (
			);
			runOnlyForDeploymentPostprocessing = 0;
			shellPath = /bin/sh;
			shellScript = "# save working directory\nWORKING_DIR=$(pwd)\n# temporarily switch to the JavaScript dir so we can run `nvm` and `npm` stuff\ncd $SRCROOT\"/JavaScript\"\n# build the JavaScript bundle\nnpm run build\n# if non-zero exit code, exit and warn the user\nif [ $? -ne 0 ]; then\necho \"failure in 'Run Script' phase - building JS bundle\"\ncd $WORKING_DIR\nexit 1\nfi\n# go back to the working directory\ncd $WORKING_DIR";
		};
/* End PBXShellScriptBuildPhase section */

/* Begin PBXSourcesBuildPhase section */
		80EE09B6196A4C4A00B77AB0 /* Sources */ = {
			isa = PBXSourcesBuildPhase;
			buildActionMask = 2147483647;
			files = (
				52A9C7971E525E5C00082CF1 /* CodeRunner.swift in Sources */,
				526CB6FD1E51106600C2E0F5 /* PatchData.swift in Sources */,
				525F54591D0F4925008C8396 /* ViewController.swift in Sources */,
				526CB6FF1E51148100C2E0F5 /* PatchNodeCache.swift in Sources */,
				5269C29C1DC7E32900E3BCC2 /* EventDispatcher.swift in Sources */,
				52E0C8611D1E95ED00B59FC9 /* Assets.swift in Sources */,
				52E0C8631D1EA74100B59FC9 /* ImageUtils.swift in Sources */,
				529743391D4D2C1600557DA9 /* SCNVector3Extensions.swift in Sources */,
				526CB7091E5114E200C2E0F5 /* PTurtle.swift in Sources */,
				526CB6F71E510EC800C2E0F5 /* Turtle.swift in Sources */,
				526CB6FB1E51102500C2E0F5 /* PPatch.swift in Sources */,
				80EE09C0196A4C4A00B77AB0 /* AppDelegate.swift in Sources */,
				526CB70A1E5114E200C2E0F5 /* TurtleData.swift in Sources */,
				526CB6F61E510EC800C2E0F5 /* Patch.swift in Sources */,
				52A9C79B1E52752F00082CF1 /* MyClass.swift in Sources */,
				526CB70B1E5114E200C2E0F5 /* TurtleNodeCache.swift in Sources */,
				52861D5A1D27F80A002441B7 /* GestureHandler.swift in Sources */,
			);
			runOnlyForDeploymentPostprocessing = 0;
		};
/* End PBXSourcesBuildPhase section */

/* Begin PBXVariantGroup section */
		525F54551D0F47E1008C8396 /* LaunchScreen.storyboard */ = {
			isa = PBXVariantGroup;
			children = (
				525F54561D0F47E1008C8396 /* Base */,
			);
			name = LaunchScreen.storyboard;
			sourceTree = "<group>";
		};
/* End PBXVariantGroup section */

/* Begin XCBuildConfiguration section */
		80EE09D4196A4C4A00B77AB0 /* Debug */ = {
			isa = XCBuildConfiguration;
			buildSettings = {
				ALWAYS_SEARCH_USER_PATHS = NO;
				CLANG_CXX_LANGUAGE_STANDARD = "gnu++0x";
				CLANG_CXX_LIBRARY = "libc++";
				CLANG_ENABLE_MODULES = YES;
				CLANG_ENABLE_OBJC_ARC = YES;
				CLANG_WARN_BOOL_CONVERSION = YES;
				CLANG_WARN_CONSTANT_CONVERSION = YES;
				CLANG_WARN_DIRECT_OBJC_ISA_USAGE = YES_ERROR;
				CLANG_WARN_EMPTY_BODY = YES;
				CLANG_WARN_ENUM_CONVERSION = YES;
				CLANG_WARN_INFINITE_RECURSION = YES;
				CLANG_WARN_INT_CONVERSION = YES;
				CLANG_WARN_OBJC_ROOT_CLASS = YES_ERROR;
				CLANG_WARN_SUSPICIOUS_MOVE = YES;
				CLANG_WARN_UNREACHABLE_CODE = YES;
				CLANG_WARN__DUPLICATE_METHOD_MATCH = YES;
				"CODE_SIGN_IDENTITY[sdk=iphoneos*]" = "iPhone Developer";
				COPY_PHASE_STRIP = NO;
				ENABLE_STRICT_OBJC_MSGSEND = YES;
				ENABLE_TESTABILITY = YES;
				GCC_C_LANGUAGE_STANDARD = gnu99;
				GCC_DYNAMIC_NO_PIC = NO;
				GCC_NO_COMMON_BLOCKS = YES;
				GCC_OPTIMIZATION_LEVEL = 0;
				GCC_PREPROCESSOR_DEFINITIONS = (
					"DEBUG=1",
					"$(inherited)",
				);
				GCC_SYMBOLS_PRIVATE_EXTERN = NO;
				GCC_WARN_64_TO_32_BIT_CONVERSION = YES;
				GCC_WARN_ABOUT_RETURN_TYPE = YES_ERROR;
				GCC_WARN_UNDECLARED_SELECTOR = YES;
				GCC_WARN_UNINITIALIZED_AUTOS = YES_AGGRESSIVE;
				GCC_WARN_UNUSED_FUNCTION = YES;
				GCC_WARN_UNUSED_VARIABLE = YES;
				IPHONEOS_DEPLOYMENT_TARGET = 8.0;
				METAL_ENABLE_DEBUG_INFO = YES;
				ONLY_ACTIVE_ARCH = YES;
				SDKROOT = iphoneos;
				SWIFT_OPTIMIZATION_LEVEL = "-Onone";
				TARGETED_DEVICE_FAMILY = "1,2";
			};
			name = Debug;
		};
		80EE09D5196A4C4A00B77AB0 /* Release */ = {
			isa = XCBuildConfiguration;
			buildSettings = {
				ALWAYS_SEARCH_USER_PATHS = NO;
				CLANG_CXX_LANGUAGE_STANDARD = "gnu++0x";
				CLANG_CXX_LIBRARY = "libc++";
				CLANG_ENABLE_MODULES = YES;
				CLANG_ENABLE_OBJC_ARC = YES;
				CLANG_WARN_BOOL_CONVERSION = YES;
				CLANG_WARN_CONSTANT_CONVERSION = YES;
				CLANG_WARN_DIRECT_OBJC_ISA_USAGE = YES_ERROR;
				CLANG_WARN_EMPTY_BODY = YES;
				CLANG_WARN_ENUM_CONVERSION = YES;
				CLANG_WARN_INFINITE_RECURSION = YES;
				CLANG_WARN_INT_CONVERSION = YES;
				CLANG_WARN_OBJC_ROOT_CLASS = YES_ERROR;
				CLANG_WARN_SUSPICIOUS_MOVE = YES;
				CLANG_WARN_UNREACHABLE_CODE = YES;
				CLANG_WARN__DUPLICATE_METHOD_MATCH = YES;
				"CODE_SIGN_IDENTITY[sdk=iphoneos*]" = "iPhone Developer";
				COPY_PHASE_STRIP = YES;
				ENABLE_NS_ASSERTIONS = NO;
				ENABLE_STRICT_OBJC_MSGSEND = YES;
				GCC_C_LANGUAGE_STANDARD = gnu99;
				GCC_NO_COMMON_BLOCKS = YES;
				GCC_WARN_64_TO_32_BIT_CONVERSION = YES;
				GCC_WARN_ABOUT_RETURN_TYPE = YES_ERROR;
				GCC_WARN_UNDECLARED_SELECTOR = YES;
				GCC_WARN_UNINITIALIZED_AUTOS = YES_AGGRESSIVE;
				GCC_WARN_UNUSED_FUNCTION = YES;
				GCC_WARN_UNUSED_VARIABLE = YES;
				IPHONEOS_DEPLOYMENT_TARGET = 8.0;
				METAL_ENABLE_DEBUG_INFO = NO;
				SDKROOT = iphoneos;
				SWIFT_OPTIMIZATION_LEVEL = "-Owholemodule";
				TARGETED_DEVICE_FAMILY = "1,2";
				VALIDATE_PRODUCT = YES;
			};
			name = Release;
		};
		80EE09D7196A4C4A00B77AB0 /* Debug */ = {
			isa = XCBuildConfiguration;
			buildSettings = {
				ASSETCATALOG_COMPILER_APPICON_NAME = AppIcon;
				ASSETCATALOG_COMPILER_LAUNCHIMAGE_NAME = LaunchImage;
				CLANG_ENABLE_MODULES = YES;
				DEVELOPMENT_TEAM = WDBW628V64;
				ENABLE_BITCODE = NO;
				INFOPLIST_FILE = "$(SRCROOT)/SceneKitTest/Info.plist";
				IPHONEOS_DEPLOYMENT_TARGET = 9.0;
				LD_RUNPATH_SEARCH_PATHS = "$(inherited) @executable_path/Frameworks";
				ONLY_ACTIVE_ARCH = NO;
				PRODUCT_BUNDLE_IDENTIFIER = com.jgrindall.scenekit;
				PRODUCT_NAME = SceneKitTest;
				SWIFT_INSTALL_OBJC_HEADER = YES;
				SWIFT_OBJC_BRIDGING_HEADER = "";
				SWIFT_OPTIMIZATION_LEVEL = "-Onone";
				SWIFT_VERSION = 3.0;
			};
			name = Debug;
		};
		80EE09D8196A4C4A00B77AB0 /* Release */ = {
			isa = XCBuildConfiguration;
			buildSettings = {
				ASSETCATALOG_COMPILER_APPICON_NAME = AppIcon;
				ASSETCATALOG_COMPILER_LAUNCHIMAGE_NAME = LaunchImage;
				CLANG_ENABLE_MODULES = YES;
				DEVELOPMENT_TEAM = WDBW628V64;
				ENABLE_BITCODE = NO;
				INFOPLIST_FILE = "$(SRCROOT)/SceneKitTest/Info.plist";
				IPHONEOS_DEPLOYMENT_TARGET = 9.0;
				LD_RUNPATH_SEARCH_PATHS = "$(inherited) @executable_path/Frameworks";
				ONLY_ACTIVE_ARCH = NO;
				PRODUCT_BUNDLE_IDENTIFIER = com.jgrindall.scenekit;
				PRODUCT_NAME = SceneKitTest;
				SWIFT_INSTALL_OBJC_HEADER = YES;
				SWIFT_OBJC_BRIDGING_HEADER = "";
				SWIFT_VERSION = 3.0;
			};
			name = Release;
		};
/* End XCBuildConfiguration section */

/* Begin XCConfigurationList section */
		80EE09B5196A4C4A00B77AB0 /* Build configuration list for PBXProject "SceneKitTest" */ = {
			isa = XCConfigurationList;
			buildConfigurations = (
				80EE09D4196A4C4A00B77AB0 /* Debug */,
				80EE09D5196A4C4A00B77AB0 /* Release */,
			);
			defaultConfigurationIsVisible = 0;
			defaultConfigurationName = Release;
		};
		80EE09D6196A4C4A00B77AB0 /* Build configuration list for PBXNativeTarget "SceneKitTest" */ = {
			isa = XCConfigurationList;
			buildConfigurations = (
				80EE09D7196A4C4A00B77AB0 /* Debug */,
				80EE09D8196A4C4A00B77AB0 /* Release */,
			);
			defaultConfigurationIsVisible = 0;
			defaultConfigurationName = Release;
		};
/* End XCConfigurationList section */
	};
	rootObject = 80EE09B2196A4C4A00B77AB0 /* Project object */;
}
